
Microsoft Visual Studio Solution File, Format Version 12.00
# Visual Studio Version 16
VisualStudioVersion = 16.0.30804.86
MinimumVisualStudioVersion = 15.0.26124.0
Project("{9A19103F-16F7-4668-BE54-9A1E7A4F7556}") = "AccountOwnerServer", "AccountOwnerServer\AccountOwnerServer.csproj", "{40C2C557-8A9F-4365-8270-7F26820C7234}"
EndProject
Project("{9A19103F-16F7-4668-BE54-9A1E7A4F7556}") = "Entities", "Entities\Entities.csproj", "{B055FDE3-DB86-4C3E-955D-20A1C88E616F}"
EndProject
Project("{9A19103F-16F7-4668-BE54-9A1E7A4F7556}") = "LoggerService", "LoggerService\LoggerService.csproj", "{906102EE-88FC-4B42-BFC7-62611C3AA8D3}"
EndProject
Project("{9A19103F-16F7-4668-BE54-9A1E7A4F7556}") = "Contracts", "Contracts\Contracts.csproj", "{12B5B030-61D3-4890-89CA-8CEA2A3FA268}"
EndProject
Project("{FAE04EC0-301F-11D3-BF4B-00C04F79EFBC}") = "Repository", "Repository\Repository.csproj", "{C2451F33-BEB3-4D23-85EB-6C2CEDDE37C5}"
EndProject
Global
	GlobalSection(SolutionConfigurationPlatforms) = preSolution
		Debug|Any CPU = Debug|Any CPU
		Debug|x64 = Debug|x64
		Debug|x86 = Debug|x86
		Release|Any CPU = Release|Any CPU
		Release|x64 = Release|x64
		Release|x86 = Release|x86
	EndGlobalSection
	GlobalSection(ProjectConfigurationPlatforms) = postSolution
		{40C2C557-8A9F-4365-8270-7F26820C7234}.Debug|Any CPU.ActiveCfg = Debug|Any CPU
		{40C2C557-8A9F-4365-8270-7F26820C7234}.Debug|Any CPU.Build.0 = Debug|Any CPU
		{40C2C557-8A9F-4365-8270-7F26820C7234}.Debug|x64.ActiveCfg = Debug|Any CPU
		{40C2C557-8A9F-4365-8270-7F26820C7234}.Debug|x64.Build.0 = Debug|Any CPU
		{40C2C557-8A9F-4365-8270-7F26820C7234}.Debug|x86.ActiveCfg = Debug|Any CPU
		{40C2C557-8A9F-4365-8270-7F26820C7234}.Debug|x86.Build.0 = Debug|Any CPU
		{40C2C557-8A9F-4365-8270-7F26820C7234}.Release|Any CPU.ActiveCfg = Release|Any CPU
		{40C2C557-8A9F-4365-8270-7F26820C7234}.Release|Any CPU.Build.0 = Release|Any CPU
		{40C2C557-8A9F-4365-8270-7F26820C7234}.Release|x64.ActiveCfg = Release|Any CPU
		{40C2C557-8A9F-4365-8270-7F26820C7234}.Release|x64.Build.0 = Release|Any CPU
		{40C2C557-8A9F-4365-8270-7F26820C7234}.Release|x86.ActiveCfg = Release|Any CPU
		{40C2C557-8A9F-4365-8270-7F26820C7234}.Release|x86.Build.0 = Release|Any CPU
		{B055FDE3-DB86-4C3E-955D-20A1C88E616F}.Debug|Any CPU.ActiveCfg = Debug|Any CPU
		{B055FDE3-DB86-4C3E-955D-20A1C88E616F}.Debug|Any CPU.Build.0 = Debug|Any CPU
		{B055FDE3-DB86-4C3E-955D-20A1C88E616F}.Debug|x64.ActiveCfg = Debug|Any CPU
		{B055FDE3-DB86-4C3E-955D-20A1C88E616F}.Debug|x64.Build.0 = Debug|Any CPU
		{B055FDE3-DB86-4C3E-955D-20A1C88E616F}.Debug|x86.ActiveCfg = Debug|Any CPU
		{B055FDE3-DB86-4C3E-955D-20A1C88E616F}.Debug|x86.Build.0 = Debug|Any CPU
		{B055FDE3-DB86-4C3E-955D-20A1C88E616F}.Release|Any CPU.ActiveCfg = Release|Any CPU
		{B055FDE3-DB86-4C3E-955D-20A1C88E616F}.Release|Any CPU.Build.0 = Release|Any CPU
		{B055FDE3-DB86-4C3E-955D-20A1C88E616F}.Release|x64.ActiveCfg = Release|Any CPU
		{B055FDE3-DB86-4C3E-955D-20A1C88E616F}.Release|x64.Build.0 = Release|Any CPU
		{B055FDE3-DB86-4C3E-955D-20A1C88E616F}.Release|x86.ActiveCfg = Release|Any CPU
		{B055FDE3-DB86-4C3E-955D-20A1C88E616F}.Release|x86.Build.0 = Release|Any CPU
		{906102EE-88FC-4B42-BFC7-62611C3AA8D3}.Debug|Any CPU.ActiveCfg = Debug|Any CPU
		{906102EE-88FC-4B42-BFC7-62611C3AA8D3}.Debug|Any CPU.Build.0 = Debug|Any CPU
		{906102EE-88FC-4B42-BFC7-62611C3AA8D3}.Debug|x64.ActiveCfg = Debug|Any CPU
		{906102EE-88FC-4B42-BFC7-62611C3AA8D3}.Debug|x64.Build.0 = Debug|Any CPU
		{906102EE-88FC-4B42-BFC7-62611C3AA8D3}.Debug|x86.ActiveCfg = Debug|Any CPU
		{906102EE-88FC-4B42-BFC7-62611C3AA8D3}.Debug|x86.Build.0 = Debug|Any CPU
		{906102EE-88FC-4B42-BFC7-62611C3AA8D3}.Release|Any CPU.ActiveCfg = Release|Any CPU
		{906102EE-88FC-4B42-BFC7-62611C3AA8D3}.Release|Any CPU.Build.0 = Release|Any CPU
		{906102EE-88FC-4B42-BFC7-62611C3AA8D3}.Release|x64.ActiveCfg = Release|Any CPU
		{906102EE-88FC-4B42-BFC7-62611C3AA8D3}.Release|x64.Build.0 = Release|Any CPU
		{906102EE-88FC-4B42-BFC7-62611C3AA8D3}.Release|x86.ActiveCfg = Release|Any CPU
		{906102EE-88FC-4B42-BFC7-62611C3AA8D3}.Release|x86.Build.0 = Release|Any CPU
		{12B5B030-61D3-4890-89CA-8CEA2A3FA268}.Debug|Any CPU.ActiveCfg = Debug|Any CPU
		{12B5B030-61D3-4890-89CA-8CEA2A3FA268}.Debug|Any CPU.Build.0 = Debug|Any CPU
		{12B5B030-61D3-4890-89CA-8CEA2A3FA268}.Debug|x64.ActiveCfg = Debug|Any CPU
		{12B5B030-61D3-4890-89CA-8CEA2A3FA268}.Debug|x64.Build.0 = Debug|Any CPU
		{12B5B030-61D3-4890-89CA-8CEA2A3FA268}.Debug|x86.ActiveCfg = Debug|Any CPU
		{12B5B030-61D3-4890-89CA-8CEA2A3FA268}.Debug|x86.Build.0 = Debug|Any CPU
		{12B5B030-61D3-4890-89CA-8CEA2A3FA268}.Release|Any CPU.ActiveCfg = Release|Any CPU
		{12B5B030-61D3-4890-89CA-8CEA2A3FA268}.Release|Any CPU.Build.0 = Release|Any CPU
		{12B5B030-61D3-4890-89CA-8CEA2A3FA268}.Release|x64.ActiveCfg = Release|Any CPU
		{12B5B030-61D3-4890-89CA-8CEA2A3FA268}.Release|x64.Build.0 = Release|Any CPU
		{12B5B030-61D3-4890-89CA-8CEA2A3FA268}.Release|x86.ActiveCfg = Release|Any CPU
		{12B5B030-61D3-4890-89CA-8CEA2A3FA268}.Release|x86.Build.0 = Release|Any CPU
		{C2451F33-BEB3-4D23-85EB-6C2CEDDE37C5}.Debug|Any CPU.ActiveCfg = Debug|Any CPU
		{C2451F33-BEB3-4D23-85EB-6C2CEDDE37C5}.Debug|Any CPU.Build.0 = Debug|Any CPU
		{C2451F33-BEB3-4D23-85EB-6C2CEDDE37C5}.Debug|x64.ActiveCfg = Debug|Any CPU
		{C2451F33-BEB3-4D23-85EB-6C2CEDDE37C5}.Debug|x64.Build.0 = Debug|Any CPU
		{C2451F33-BEB3-4D23-85EB-6C2CEDDE37C5}.Debug|x86.ActiveCfg = Debug|Any CPU
		{C2451F33-BEB3-4D23-85EB-6C2CEDDE37C5}.Debug|x86.Build.0 = Debug|Any CPU
		{C2451F33-BEB3-4D23-85EB-6C2CEDDE37C5}.Release|Any CPU.ActiveCfg = Release|Any CPU
		{C2451F33-BEB3-4D23-85EB-6C2CEDDE37C5}.Release|Any CPU.Build.0 = Release|Any CPU
		{C2451F33-BEB3-4D23-85EB-6C2CEDDE37C5}.Release|x64.ActiveCfg = Release|Any CPU
		{C2451F33-BEB3-4D23-85EB-6C2CEDDE37C5}.Release|x64.Build.0 = Release|Any CPU
		{C2451F33-BEB3-4D23-85EB-6C2CEDDE37C5}.Release|x86.ActiveCfg = Release|Any CPU
		{C2451F33-BEB3-4D23-85EB-6C2CEDDE37C5}.Release|x86.Build.0 = Release|Any CPU
	EndGlobalSection
	GlobalSection(SolutionProperties) = preSolution
		HideSolutionNode = FALSE
	EndGlobalSection
	GlobalSection(ExtensibilityGlobals) = postSolution
		SolutionGuid = {883C7BF7-3C60-4FA3-BB29-0B618C2FB0B3}
	EndGlobalSection
EndGlobal
